
Microsoft Visual Studio Solution File, Format Version 12.00
# Visual Studio Version 16
VisualStudioVersion = 16.0.31410.357
MinimumVisualStudioVersion = 10.0.40219.1
Project("{2150E333-8FDC-42A3-9474-1A3956D46DE8}") = "Solution Items", "Solution Items", "{86BF1E22-5DE1-463F-A28A-621F379FE173}"
	ProjectSection(SolutionItems) = preProject
		html-me-something.html = html-me-something.html
	EndProjectSection
EndProject
Global
	GlobalSection(SolutionProperties) = preSolution
		HideSolutionNode = FALSE
	EndGlobalSection
	GlobalSection(ExtensibilityGlobals) = postSolution
		SolutionGuid = {FF6A945F-40A1-4D59-8224-5E43CE5759E7}
	EndGlobalSection
EndGlobal
